
Microsoft Visual Studio Solution File, Format Version 12.00
# Visual Studio Version 16
VisualStudioVersion = 16.0.30517.126
MinimumVisualStudioVersion = 10.0.40219.1
Project("{FAE04EC0-301F-11D3-BF4B-00C04F79EFBC}") = "OOPpart1", "OOPpart1\OOPpart1.csproj", "{BE21F10F-AF65-490A-9604-C1DE5F4FF015}"
EndProject
Project("{FAE04EC0-301F-11D3-BF4B-00C04F79EFBC}") = "OOPcat", "OOPcat\OOPcat.csproj", "{B2EF07DE-D81E-45F9-968F-6283D0C94B6D}"
EndProject
Global
	GlobalSection(SolutionConfigurationPlatforms) = preSolution
		Debug|Any CPU = Debug|Any CPU
		Release|Any CPU = Release|Any CPU
	EndGlobalSection
	GlobalSection(ProjectConfigurationPlatforms) = postSolution
		{BE21F10F-AF65-490A-9604-C1DE5F4FF015}.Debug|Any CPU.ActiveCfg = Debug|Any CPU
		{BE21F10F-AF65-490A-9604-C1DE5F4FF015}.Debug|Any CPU.Build.0 = Debug|Any CPU
		{BE21F10F-AF65-490A-9604-C1DE5F4FF015}.Release|Any CPU.ActiveCfg = Release|Any CPU
		{BE21F10F-AF65-490A-9604-C1DE5F4FF015}.Release|Any CPU.Build.0 = Release|Any CPU
		{B2EF07DE-D81E-45F9-968F-6283D0C94B6D}.Debug|Any CPU.ActiveCfg = Debug|Any CPU
		{B2EF07DE-D81E-45F9-968F-6283D0C94B6D}.Debug|Any CPU.Build.0 = Debug|Any CPU
		{B2EF07DE-D81E-45F9-968F-6283D0C94B6D}.Release|Any CPU.ActiveCfg = Release|Any CPU
		{B2EF07DE-D81E-45F9-968F-6283D0C94B6D}.Release|Any CPU.Build.0 = Release|Any CPU
	EndGlobalSection
	GlobalSection(SolutionProperties) = preSolution
		HideSolutionNode = FALSE
	EndGlobalSection
	GlobalSection(ExtensibilityGlobals) = postSolution
		SolutionGuid = {727DF83A-71CC-41E8-B326-83AEFC08F163}
	EndGlobalSection
EndGlobal
